
Microsoft Visual Studio Solution File, Format Version 12.00
# Visual Studio Version 17
VisualStudioVersion = 17.1.32328.378
MinimumVisualStudioVersion = 10.0.40219.1
Project("{FAE04EC0-301F-11D3-BF4B-00C04F79EFBC}") = "Apitest", "Apitest\Apitest.csproj", "{CBA9CA56-1023-4342-B0DE-F10476717FAC}"
EndProject
Global
	GlobalSection(SolutionConfigurationPlatforms) = preSolution
		Debug|Any CPU = Debug|Any CPU
		Release|Any CPU = Release|Any CPU
	EndGlobalSection
	GlobalSection(ProjectConfigurationPlatforms) = postSolution
		{CBA9CA56-1023-4342-B0DE-F10476717FAC}.Debug|Any CPU.ActiveCfg = Debug|Any CPU
		{CBA9CA56-1023-4342-B0DE-F10476717FAC}.Debug|Any CPU.Build.0 = Debug|Any CPU
		{CBA9CA56-1023-4342-B0DE-F10476717FAC}.Release|Any CPU.ActiveCfg = Release|Any CPU
		{CBA9CA56-1023-4342-B0DE-F10476717FAC}.Release|Any CPU.Build.0 = Release|Any CPU
	EndGlobalSection
	GlobalSection(SolutionProperties) = preSolution
		HideSolutionNode = FALSE
	EndGlobalSection
	GlobalSection(ExtensibilityGlobals) = postSolution
		SolutionGuid = {31200645-8E1E-4D62-831C-82163C312CE3}
	EndGlobalSection
EndGlobal
